{
  "nodes": {
    "nixpkgs": {
      "locked": {
<<<<<<< HEAD
        "lastModified": 1767026758,
        "narHash": "sha256-7fsac/f7nh/VaKJ/qm3I338+wAJa/3J57cOGpXi0Sbg=",
        "owner": "NixOS",
        "repo": "nixpkgs",
        "rev": "346dd96ad74dc4457a9db9de4f4f57dab2e5731d",
=======
        "lastModified": 1767273430,
        "narHash": "sha256-kDpoFwQ8GLrPiS3KL+sAwreXrph2KhdXuJzo5+vSLoo=",
        "owner": "NixOS",
        "repo": "nixpkgs",
        "rev": "76eec3925eb9bbe193934987d3285473dbcfad50",
>>>>>>> upstream/dev
        "type": "github"
      },
      "original": {
        "owner": "NixOS",
        "ref": "nixpkgs-unstable",
        "repo": "nixpkgs",
        "type": "github"
      }
    },
    "root": {
      "inputs": {
        "nixpkgs": "nixpkgs"
      }
    }
  },
  "root": "root",
  "version": 7
}
